{
  "lockfile_version": "1",
  "packages": {
    "github:NixOS/nixpkgs/nixpkgs-unstable": {
      "last_modified": "2026-09-10T03:47:09Z",
      "resolved": "github:NixOS/nixpkgs/d5dfd8e6716dde34398bc14bc87c10dece9c8c68?lastModified=1789012029"
    },
    "nodejs@latest": {
      "last_modified": "2026-08-27T23:47:58Z",
      "plugin_version": "0.0.4",
      "resolved": "github:NixOS/nixpkgs/7d1a7c21a4c00ea653fc7ed5c083d261340f185f#nodejs_26",
      "source": "devbox-search",
      "version": "26.8.1",
      "systems": {
        "aarch64-darwin": {
          "outputs": [
            {
              "name": "out",
              "path": "/nix/store/szf4xdpd4znb3hzprlyivq6nd507hyas-nodejs-26.8.1",
              "default": true
            }
          ],
          "store_path": "/nix/store/szf4xdpd4znb3hzprlyivq6nd507hyas-nodejs-26.8.1"
        },
        "aarch64-linux": {
          "outputs": [
            {
              "name": "out",
              "path": "/nix/store/s3azam32y3bmwd6b2zynqqg9yv99lnam-nodejs-26.8.1",
              "default": true
            }
          ],
          "store_path": "/nix/store/s3azam32y3bmwd6b2zynqqg9yv99lnam-nodejs-26.8.1"
        },
        "x86_64-linux": {
          "outputs": [
            {
              "name": "out",
              "path": "/nix/store/ymlp5q9l64224b9jqpqwp298bgbjv7p9-nodejs-26.8.1",
              "default": true
            }
          ],
          "store_path": "/nix/store/ymlp5q9l64224b9jqpqwp298bgbjv7p9-nodejs-26.8.1"
        }
      }
    },
    "python3@latest": {
      "last_modified": "2025-01-06T03:40:18Z",
      "plugin_version": "0.0.5",
      "resolved": "github:NixOS/nixpkgs/3df3c47c19dc90fec35359e89ffb52b34d2b0e94#python3",
      "source": "devbox-search",
      "version": "3.12.8",
      "systems": {
        "aarch64-darwin": {
          "outputs": [
            {
              "name": "out",
              "path": "/nix/store/8zc3wcplydp8gsxms24scpzdca438dk5-python3-3.12.8",
              "default": true
            }
          ],
          "store_path": "/nix/store/8zc3wcplydp8gsxms24scpzdca438dk5-python3-3.12.8"
        },
        "aarch64-linux": {
          "outputs": [
            {
              "name": "out",
              "path": "/nix/store/66pn6ysmvx675061xaq2vz93s9vdc5p4-python3-3.12.8",
              "default": true
            },
            {
              "name": "debug",
              "path": "/nix/store/brcg3a34fi45ffky63g5pqd22sksvq13-python3-3.12.8-debug"
            }
          ],
          "store_path": "/nix/store/66pn6ysmvx675061xaq2vz93s9vdc5p4-python3-3.12.8"
        },
        "x86_64-darwin": {
          "outputs": [
            {
              "name": "out",
              "path": "/nix/store/fpmkmdzgd1q7kqadc7czcjdhjj7bsc0i-python3-3.12.8",
              "default": true
            }
          ],
          "store_path": "/nix/store/fpmkmdzgd1q7kqadc7czcjdhjj7bsc0i-python3-3.12.8"
        },
        "x86_64-linux": {
          "outputs": [
            {
              "name": "out",
              "path": "/nix/store/c9m6yd8fg1flz2j5r4bif1ib5j20a0cy-python3-3.12.8",
              "default": true
            },
            {
              "name": "debug",
              "path": "/nix/store/cicfrcjr8pky8qd0gxw0x84ynyviy6b5-python3-3.12.8-debug"
            }
          ],
          "store_path": "/nix/store/c9m6yd8fg1flz2j5r4bif1ib5j20a0cy-python3-3.12.8"
        }
      }
    }
  }
}
